
Microsoft Visual Studio Solution File, Format Version 12.00
# Visual Studio Version 16
VisualStudioVersion = 16.0.31025.194
MinimumVisualStudioVersion = 10.0.40219.1
Project("{FAE04EC0-301F-11D3-BF4B-00C04F79EFBC}") = "Marathon.Android", "Marathon.Android\Marathon.Android.csproj", "{01CCA0B1-A73B-4058-88A6-3D766497082D}"
EndProject
Project("{FAE04EC0-301F-11D3-BF4B-00C04F79EFBC}") = "Marathon.iOS", "Marathon.iOS\Marathon.iOS.csproj", "{A5471E35-BE30-4BBD-903C-D7B5F2577482}"
EndProject
Project("{FAE04EC0-301F-11D3-BF4B-00C04F79EFBC}") = "Marathon", "Marathon\Marathon.csproj", "{5278BF5A-E8D0-4806-9CE0-9F5872265EF8}"
EndProject
Global
	GlobalSection(SolutionConfigurationPlatforms) = preSolution
		Debug|Any CPU = Debug|Any CPU
		Debug|iPhone = Debug|iPhone
		Debug|iPhoneSimulator = Debug|iPhoneSimulator
		Release|Any CPU = Release|Any CPU
		Release|iPhone = Release|iPhone
		Release|iPhoneSimulator = Release|iPhoneSimulator
	EndGlobalSection
	GlobalSection(ProjectConfigurationPlatforms) = postSolution
		{01CCA0B1-A73B-4058-88A6-3D766497082D}.Debug|Any CPU.ActiveCfg = Debug|Any CPU
		{01CCA0B1-A73B-4058-88A6-3D766497082D}.Debug|Any CPU.Build.0 = Debug|Any CPU
		{01CCA0B1-A73B-4058-88A6-3D766497082D}.Debug|Any CPU.Deploy.0 = Debug|Any CPU
		{01CCA0B1-A73B-4058-88A6-3D766497082D}.Debug|iPhone.ActiveCfg = Debug|Any CPU
		{01CCA0B1-A73B-4058-88A6-3D766497082D}.Debug|iPhone.Build.0 = Debug|Any CPU
		{01CCA0B1-A73B-4058-88A6-3D766497082D}.Debug|iPhone.Deploy.0 = Debug|Any CPU
		{01CCA0B1-A73B-4058-88A6-3D766497082D}.Debug|iPhoneSimulator.ActiveCfg = Debug|Any CPU
		{01CCA0B1-A73B-4058-88A6-3D766497082D}.Debug|iPhoneSimulator.Build.0 = Debug|Any CPU
		{01CCA0B1-A73B-4058-88A6-3D766497082D}.Debug|iPhoneSimulator.Deploy.0 = Debug|Any CPU
		{01CCA0B1-A73B-4058-88A6-3D766497082D}.Release|Any CPU.ActiveCfg = Release|Any CPU
		{01CCA0B1-A73B-4058-88A6-3D766497082D}.Release|Any CPU.Build.0 = Release|Any CPU
		{01CCA0B1-A73B-4058-88A6-3D766497082D}.Release|Any CPU.Deploy.0 = Release|Any CPU
		{01CCA0B1-A73B-4058-88A6-3D766497082D}.Release|iPhone.ActiveCfg = Release|Any CPU
		{01CCA0B1-A73B-4058-88A6-3D766497082D}.Release|iPhone.Build.0 = Release|Any CPU
		{01CCA0B1-A73B-4058-88A6-3D766497082D}.Release|iPhone.Deploy.0 = Release|Any CPU
		{01CCA0B1-A73B-4058-88A6-3D766497082D}.Release|iPhoneSimulator.ActiveCfg = Release|Any CPU
		{01CCA0B1-A73B-4058-88A6-3D766497082D}.Release|iPhoneSimulator.Build.0 = Release|Any CPU
		{01CCA0B1-A73B-4058-88A6-3D766497082D}.Release|iPhoneSimulator.Deploy.0 = Release|Any CPU
		{A5471E35-BE30-4BBD-903C-D7B5F2577482}.Debug|Any CPU.ActiveCfg = Debug|iPhone
		{A5471E35-BE30-4BBD-903C-D7B5F2577482}.Debug|Any CPU.Build.0 = Debug|iPhone
		{A5471E35-BE30-4BBD-903C-D7B5F2577482}.Debug|Any CPU.Deploy.0 = Debug|iPhone
		{A5471E35-BE30-4BBD-903C-D7B5F2577482}.Debug|iPhone.ActiveCfg = Debug|iPhone
		{A5471E35-BE30-4BBD-903C-D7B5F2577482}.Debug|iPhone.Build.0 = Debug|iPhone
		{A5471E35-BE30-4BBD-903C-D7B5F2577482}.Debug|iPhone.Deploy.0 = Debug|iPhone
		{A5471E35-BE30-4BBD-903C-D7B5F2577482}.Debug|iPhoneSimulator.ActiveCfg = Debug|iPhoneSimulator
		{A5471E35-BE30-4BBD-903C-D7B5F2577482}.Debug|iPhoneSimulator.Build.0 = Debug|iPhoneSimulator
		{A5471E35-BE30-4BBD-903C-D7B5F2577482}.Debug|iPhoneSimulator.Deploy.0 = Debug|iPhoneSimulator
		{A5471E35-BE30-4BBD-903C-D7B5F2577482}.Release|Any CPU.ActiveCfg = Release|iPhoneSimulator
		{A5471E35-BE30-4BBD-903C-D7B5F2577482}.Release|Any CPU.Build.0 = Release|iPhoneSimulator
		{A5471E35-BE30-4BBD-903C-D7B5F2577482}.Release|Any CPU.Deploy.0 = Release|iPhoneSimulator
		{A5471E35-BE30-4BBD-903C-D7B5F2577482}.Release|iPhone.ActiveCfg = Release|iPhone
		{A5471E35-BE30-4BBD-903C-D7B5F2577482}.Release|iPhone.Build.0 = Release|iPhone
		{A5471E35-BE30-4BBD-903C-D7B5F2577482}.Release|iPhone.Deploy.0 = Release|iPhone
		{A5471E35-BE30-4BBD-903C-D7B5F2577482}.Release|iPhoneSimulator.ActiveCfg = Release|iPhoneSimulator
		{A5471E35-BE30-4BBD-903C-D7B5F2577482}.Release|iPhoneSimulator.Build.0 = Release|iPhoneSimulator
		{A5471E35-BE30-4BBD-903C-D7B5F2577482}.Release|iPhoneSimulator.Deploy.0 = Release|iPhoneSimulator
		{5278BF5A-E8D0-4806-9CE0-9F5872265EF8}.Debug|Any CPU.ActiveCfg = Debug|Any CPU
		{5278BF5A-E8D0-4806-9CE0-9F5872265EF8}.Debug|Any CPU.Build.0 = Debug|Any CPU
		{5278BF5A-E8D0-4806-9CE0-9F5872265EF8}.Debug|Any CPU.Deploy.0 = Debug|Any CPU
		{5278BF5A-E8D0-4806-9CE0-9F5872265EF8}.Debug|iPhone.ActiveCfg = Debug|Any CPU
		{5278BF5A-E8D0-4806-9CE0-9F5872265EF8}.Debug|iPhone.Build.0 = Debug|Any CPU
		{5278BF5A-E8D0-4806-9CE0-9F5872265EF8}.Debug|iPhone.Deploy.0 = Debug|Any CPU
		{5278BF5A-E8D0-4806-9CE0-9F5872265EF8}.Debug|iPhoneSimulator.ActiveCfg = Debug|Any CPU
		{5278BF5A-E8D0-4806-9CE0-9F5872265EF8}.Debug|iPhoneSimulator.Build.0 = Debug|Any CPU
		{5278BF5A-E8D0-4806-9CE0-9F5872265EF8}.Debug|iPhoneSimulator.Deploy.0 = Debug|Any CPU
		{5278BF5A-E8D0-4806-9CE0-9F5872265EF8}.Release|Any CPU.ActiveCfg = Release|Any CPU
		{5278BF5A-E8D0-4806-9CE0-9F5872265EF8}.Release|Any CPU.Build.0 = Release|Any CPU
		{5278BF5A-E8D0-4806-9CE0-9F5872265EF8}.Release|Any CPU.Deploy.0 = Release|Any CPU
		{5278BF5A-E8D0-4806-9CE0-9F5872265EF8}.Release|iPhone.ActiveCfg = Release|Any CPU
		{5278BF5A-E8D0-4806-9CE0-9F5872265EF8}.Release|iPhone.Build.0 = Release|Any CPU
		{5278BF5A-E8D0-4806-9CE0-9F5872265EF8}.Release|iPhone.Deploy.0 = Release|Any CPU
		{5278BF5A-E8D0-4806-9CE0-9F5872265EF8}.Release|iPhoneSimulator.ActiveCfg = Release|Any CPU
		{5278BF5A-E8D0-4806-9CE0-9F5872265EF8}.Release|iPhoneSimulator.Build.0 = Release|Any CPU
		{5278BF5A-E8D0-4806-9CE0-9F5872265EF8}.Release|iPhoneSimulator.Deploy.0 = Release|Any CPU
	EndGlobalSection
	GlobalSection(SolutionProperties) = preSolution
		HideSolutionNode = FALSE
	EndGlobalSection
	GlobalSection(ExtensibilityGlobals) = postSolution
		SolutionGuid = {1CE75E5E-DE85-456E-B4DA-2243DE7A1ABC}
	EndGlobalSection
EndGlobal
